Microsoft Visual Studio Solution File, Format Version 12.00
# Visual Studio Version 17
VisualStudioVersion = 17.5.2.0
MinimumVisualStudioVersion = 10.0.40219.1
Project("{FAE04EC0-301F-11D3-BF4B-00C04F79EFBC}") = "TrackingApp", "TrackingApp\TrackingApp.csproj", "{183CF273-D2DB-FB4D-8AB5-414B8D20FA99}"
EndProject
Project("{FAE04EC0-301F-11D3-BF4B-00C04F79EFBC}") = "TrackingApp.Tests", "TrackingApp.Tests\TrackingApp.Tests.csproj", "{B277176C-02D7-39B7-63EC-151CB3BEC3AB}"
EndProject
Global
	GlobalSection(SolutionConfigurationPlatforms) = preSolution
		Debug|Any CPU = Debug|Any CPU
		Release|Any CPU = Release|Any CPU
	EndGlobalSection
	GlobalSection(ProjectConfigurationPlatforms) = postSolution
		{183CF273-D2DB-FB4D-8AB5-414B8D20FA99}.Debug|Any CPU.ActiveCfg = Debug|Any CPU
		{183CF273-D2DB-FB4D-8AB5-414B8D20FA99}.Debug|Any CPU.Build.0 = Debug|Any CPU
		{183CF273-D2DB-FB4D-8AB5-414B8D20FA99}.Release|Any CPU.ActiveCfg = Release|Any CPU
		{183CF273-D2DB-FB4D-8AB5-414B8D20FA99}.Release|Any CPU.Build.0 = Release|Any CPU
		{B277176C-02D7-39B7-63EC-151CB3BEC3AB}.Debug|Any CPU.ActiveCfg = Debug|Any CPU
		{B277176C-02D7-39B7-63EC-151CB3BEC3AB}.Debug|Any CPU.Build.0 = Debug|Any CPU
		{B277176C-02D7-39B7-63EC-151CB3BEC3AB}.Release|Any CPU.ActiveCfg = Release|Any CPU
		{B277176C-02D7-39B7-63EC-151CB3BEC3AB}.Release|Any CPU.Build.0 = Release|Any CPU
	EndGlobalSection
	GlobalSection(SolutionProperties) = preSolution
		HideSolutionNode = FALSE
	EndGlobalSection
	GlobalSection(ExtensibilityGlobals) = postSolution
		SolutionGuid = {FEB22312-7F74-46FC-9C1F-C108B2D335F2}
	EndGlobalSection
EndGlobal
